PODS:
  - CwgBaseLib (0.31.0):
    - MLLabel
  - MLLabel (1.10.5)

DEPENDENCIES:
  - CwgBaseLib (from `../`)

SPEC REPOS:
  trunk:
    - MLLabel

EXTERNAL SOURCES:
  CwgBaseLib:
    :path: "../"

SPEC CHECKSUMS:
  CwgBaseLib: 954735739670feea0e8a28dad94d79096a79ce1d
  MLLabel: d76124055a2205e7f76878e62cd06ba925ba0c97

PODFILE CHECKSUM: c6c0d4da73a1fae3355774af61530721e238c08a

COCOAPODS: 1.10.1
