PODS:
  - CwgBaseLib (0.25.0):
    - Masonry
    - MJExtension
    - MLLabel
    - SDWebImage
  - Masonry (1.1.0)
  - MJExtension (3.2.4)
  - MLLabel (1.10.5)
  - SDWebImage (5.10.4):
    - SDWebImage/Core (= 5.10.4)
  - SDWebImage/Core (5.10.4)

DEPENDENCIES:
  - CwgBaseLib (from `../`)

SPEC REPOS:
  trunk:
    - Masonry
    - MJExtension
    - MLLabel
    - SDWebImage

EXTERNAL SOURCES:
  CwgBaseLib:
    :path: "../"

SPEC CHECKSUMS:
  CwgBaseLib: 5e626f13d0d4d5fb45aabeed02e604ff08a27721
  Masonry: 678fab65091a9290e40e2832a55e7ab731aad201
  MJExtension: 88e0900751b6cac8de1cf724ca9838a0b28d5acb
  MLLabel: d76124055a2205e7f76878e62cd06ba925ba0c97
  SDWebImage: c666b97e1fa9c64b4909816a903322018f0a9c84

PODFILE CHECKSUM: c6c0d4da73a1fae3355774af61530721e238c08a

COCOAPODS: 1.10.1
