PODS:
  - CwgBaseLib (0.13.0):
    - JhtMarquee
    - Masonry
  - JhtMarquee (1.0.6)
  - Masonry (1.1.0)

DEPENDENCIES:
  - CwgBaseLib (from `../`)

SPEC REPOS:
  trunk:
    - JhtMarquee
    - Masonry

EXTERNAL SOURCES:
  CwgBaseLib:
    :path: "../"

SPEC CHECKSUMS:
  CwgBaseLib: 2292606e6d2d78df7209b09043e32d31d75729b3
  JhtMarquee: 38eb0ceb3d515092e77a88b9005e2179c7cd1b2d
  Masonry: 678fab65091a9290e40e2832a55e7ab731aad201

PODFILE CHECKSUM: c6c0d4da73a1fae3355774af61530721e238c08a

COCOAPODS: 1.10.1
